// !$*UTF8*$!
{
	archiveVersion = 1;
	classes = {
	};
	objectVersion = 48;
	objects = {

/* Begin PBXBuildFile section */
		777485B22011C46A0099F3FD /* AppDelegate.swift in Sources */ = {isa = PBXBuildFile; fileRef = 777485B12011C46A0099F3FD /* AppDelegate.swift */; };
		777485B42011C46A0099F3FD /* ViewController.swift in Sources */ = {isa = PBXBuildFile; fileRef = 777485B32011C46A0099F3FD /* ViewController.swift */; };
		777485B72011C46A0099F3FD /* Main.storyboard in Resources */ = {isa = PBXBuildFile; fileRef = 777485B52011C46A0099F3FD /* Main.storyboard */; };
		777485B92011C46A0099F3FD /* Assets.xcassets in Resources */ = {isa = PBXBuildFile; fileRef = 777485B82011C46A0099F3FD /* Assets.xcassets */; };
		777485BC2011C46A0099F3FD /* LaunchScreen.storyboard in Resources */ = {isa = PBXBuildFile; fileRef = 777485BA2011C46A0099F3FD /* LaunchScreen.storyboard */; };
		777485CA2011C4A10099F3FD /* KeyboardViewController.swift in Sources */ = {isa = PBXBuildFile; fileRef = 777485C92011C4A10099F3FD /* KeyboardViewController.swift */; };
		777485CE2011C4A10099F3FD /* mykeyboard.appex in Embed App Extensions */ = {isa = PBXBuildFile; fileRef = 777485C72011C4A10099F3FD /* mykeyboard.appex */; settings = {ATTRIBUTES = (RemoveHeadersOnCopy, ); }; };
		777485D42011C6720099F3FD /* heart.jpg in Resources */ = {isa = PBXBuildFile; fileRef = 777485D32011C6720099F3FD /* heart.jpg */; };
		777485D52011C6720099F3FD /* heart.jpg in Resources */ = {isa = PBXBuildFile; fileRef = 777485D32011C6720099F3FD /* heart.jpg */; };
/* End PBXBuildFile section */

/* Begin PBXContainerItemProxy section */
		777485CC2011C4A10099F3FD /* PBXContainerItemProxy */ = {
			isa = PBXContainerItemProxy;
			containerPortal = 777485A62011C46A0099F3FD /* Project object */;
			proxyType = 1;
			remoteGlobalIDString = 777485C62011C4A10099F3FD;
			remoteInfo = mykeyboard;
		};
/* End PBXContainerItemProxy section */

/* Begin PBXCopyFilesBuildPhase section */
		777485D22011C4A10099F3FD /* Embed App Extensions */ = {
			isa = PBXCopyFilesBuildPhase;
			buildActionMask = 2147483647;
			dstPath = "";
			dstSubfolderSpec = 13;
			files = (
				777485CE2011C4A10099F3FD /* mykeyboard.appex in Embed App Extensions */,
			);
			name = "Embed App Extensions";
			runOnlyForDeploymentPostprocessing = 0;
		};
/* End PBXCopyFilesBuildPhase section */

/* Begin PBXFileReference section */
		777485AE2011C46A0099F3FD /* ozellestirilmisKlavye.app */ = {isa = PBXFileReference; explicitFileType = wrapper.application; includeInIndex = 0; path = ozellestirilmisKlavye.app; sourceTree = BUILT_PRODUCTS_DIR; };
		777485B12011C46A0099F3FD /* AppDelegate.swift */ = {isa = PBXFileReference; lastKnownFileType = sourcecode.swift; path = AppDelegate.swift; sourceTree = "<group>"; };
		777485B32011C46A0099F3FD /* ViewController.swift */ = {isa = PBXFileReference; lastKnownFileType = sourcecode.swift; path = ViewController.swift; sourceTree = "<group>"; };
		777485B62011C46A0099F3FD /* Base */ = {isa = PBXFileReference; lastKnownFileType = file.storyboard; name = Base; path = Base.lproj/Main.storyboard; sourceTree = "<group>"; };
		777485B82011C46A0099F3FD /* Assets.xcassets */ = {isa = PBXFileReference; lastKnownFileType = folder.assetcatalog; path = Assets.xcassets; sourceTree = "<group>"; };
		777485BB2011C46A0099F3FD /* Base */ = {isa = PBXFileReference; lastKnownFileType = file.storyboard; name = Base; path = Base.lproj/LaunchScreen.storyboard; sourceTree = "<group>"; };
		777485BD2011C46A0099F3FD /* Info.plist */ = {isa = PBXFileReference; lastKnownFileType = text.plist.xml; path = Info.plist; sourceTree = "<group>"; };
		777485C72011C4A10099F3FD /* mykeyboard.appex */ = {isa = PBXFileReference; explicitFileType = "wrapper.app-extension"; includeInIndex = 0; path = mykeyboard.appex; sourceTree = BUILT_PRODUCTS_DIR; };
		777485C92011C4A10099F3FD /* KeyboardViewController.swift */ = {isa = PBXFileReference; lastKnownFileType = sourcecode.swift; path = KeyboardViewController.swift; sourceTree = "<group>"; };
		777485CB2011C4A10099F3FD /* Info.plist */ = {isa = PBXFileReference; lastKnownFileType = text.plist.xml; path = Info.plist; sourceTree = "<group>"; };
		777485D32011C6720099F3FD /* heart.jpg */ = {isa = PBXFileReference; lastKnownFileType = image.jpeg; path = heart.jpg; sourceTree = "<group>"; };
/* End PBXFileReference section */

/* Begin PBXFrameworksBuildPhase section */
		777485AB2011C46A0099F3FD /* Frameworks */ = {
			isa = PBXFrameworksBuildPhase;
			buildActionMask = 2147483647;
			files = (
			);
			runOnlyForDeploymentPostprocessing = 0;
		};
		777485C42011C4A10099F3FD /* Frameworks */ = {
			isa = PBXFrameworksBuildPhase;
			buildActionMask = 2147483647;
			files = (
			);
			runOnlyForDeploymentPostprocessing = 0;
		};
/* End PBXFrameworksBuildPhase section */

/* Begin PBXGroup section */
		777485A52011C46A0099F3FD = {
			isa = PBXGroup;
			children = (
				777485B02011C46A0099F3FD /* ozellestirilmisKlavye */,
				777485C82011C4A10099F3FD /* mykeyboard */,
				777485AF2011C46A0099F3FD /* Products */,
			);
			sourceTree = "<group>";
		};
		777485AF2011C46A0099F3FD /* Products */ = {
			isa = PBXGroup;
			children = (
				777485AE2011C46A0099F3FD /* ozellestirilmisKlavye.app */,
				777485C72011C4A10099F3FD /* mykeyboard.appex */,
			);
			name = Products;
			sourceTree = "<group>";
		};
		777485B02011C46A0099F3FD /* ozellestirilmisKlavye */ = {
			isa = PBXGroup;
			children = (
				777485D32011C6720099F3FD /* heart.jpg */,
				777485B12011C46A0099F3FD /* AppDelegate.swift */,
				777485B32011C46A0099F3FD /* ViewController.swift */,
				777485B52011C46A0099F3FD /* Main.storyboard */,
				777485B82011C46A0099F3FD /* Assets.xcassets */,
				777485BA2011C46A0099F3FD /* LaunchScreen.storyboard */,
				777485BD2011C46A0099F3FD /* Info.plist */,
			);
			path = ozellestirilmisKlavye;
			sourceTree = "<group>";
		};
		777485C82011C4A10099F3FD /* mykeyboard */ = {
			isa = PBXGroup;
			children = (
				777485C92011C4A10099F3FD /* KeyboardViewController.swift */,
				777485CB2011C4A10099F3FD /* Info.plist */,
			);
			path = mykeyboard;
			sourceTree = "<group>";
		};
/* End PBXGroup section */

/* Begin PBXNativeTarget section */
		777485AD2011C46A0099F3FD /* ozellestirilmisKlavye */ = {
			isa = PBXNativeTarget;
			buildConfigurationList = 777485C02011C46A0099F3FD /* Build configuration list for PBXNativeTarget "ozellestirilmisKlavye" */;
			buildPhases = (
				777485AA2011C46A0099F3FD /* Sources */,
				777485AB2011C46A0099F3FD /* Frameworks */,
				777485AC2011C46A0099F3FD /* Resources */,
				777485D22011C4A10099F3FD /* Embed App Extensions */,
			);
			buildRules = (
			);
			dependencies = (
				777485CD2011C4A10099F3FD /* PBXTargetDependency */,
			);
			name = ozellestirilmisKlavye;
			productName = ozellestirilmisKlavye;
			productReference = 777485AE2011C46A0099F3FD /* ozellestirilmisKlavye.app */;
			productType = "com.apple.product-type.application";
		};
		777485C62011C4A10099F3FD /* mykeyboard */ = {
			isa = PBXNativeTarget;
			buildConfigurationList = 777485CF2011C4A10099F3FD /* Build configuration list for PBXNativeTarget "mykeyboard" */;
			buildPhases = (
				777485C32011C4A10099F3FD /* Sources */,
				777485C42011C4A10099F3FD /* Frameworks */,
				777485C52011C4A10099F3FD /* Resources */,
			);
			buildRules = (
			);
			dependencies = (
			);
			name = mykeyboard;
			productName = mykeyboard;
			productReference = 777485C72011C4A10099F3FD /* mykeyboard.appex */;
			productType = "com.apple.product-type.app-extension";
		};
/* End PBXNativeTarget section */

/* Begin PBXProject section */
		777485A62011C46A0099F3FD /* Project object */ = {
			isa = PBXProject;
			attributes = {
				LastSwiftUpdateCheck = 0920;
				LastUpgradeCheck = 0920;
				ORGANIZATIONNAME = SUMBUL;
				TargetAttributes = {
					777485AD2011C46A0099F3FD = {
						CreatedOnToolsVersion = 9.2;
						ProvisioningStyle = Automatic;
					};
					777485C62011C4A10099F3FD = {
						CreatedOnToolsVersion = 9.2;
						ProvisioningStyle = Automatic;
					};
				};
			};
			buildConfigurationList = 777485A92011C46A0099F3FD /* Build configuration list for PBXProject "ozellestirilmisKlavye" */;
			compatibilityVersion = "Xcode 8.0";
			developmentRegion = en;
			hasScannedForEncodings = 0;
			knownRegions = (
				en,
				Base,
			);
			mainGroup = 777485A52011C46A0099F3FD;
			productRefGroup = 777485AF2011C46A0099F3FD /* Products */;
			projectDirPath = "";
			projectRoot = "";
			targets = (
				777485AD2011C46A0099F3FD /* ozellestirilmisKlavye */,
				777485C62011C4A10099F3FD /* mykeyboard */,
			);
		};
/* End PBXProject section */

/* Begin PBXResourcesBuildPhase section */
		777485AC2011C46A0099F3FD /* Resources */ = {
			isa = PBXResourcesBuildPhase;
			buildActionMask = 2147483647;
			files = (
				777485D42011C6720099F3FD /* heart.jpg in Resources */,
				777485BC2011C46A0099F3FD /* LaunchScreen.storyboard in Resources */,
				777485B92011C46A0099F3FD /* Assets.xcassets in Resources */,
				777485B72011C46A0099F3FD /* Main.storyboard in Resources */,
			);
			runOnlyForDeploymentPostprocessing = 0;
		};
		777485C52011C4A10099F3FD /* Resources */ = {
			isa = PBXResourcesBuildPhase;
			buildActionMask = 2147483647;
			files = (
				777485D52011C6720099F3FD /* heart.jpg in Resources */,
			);
			runOnlyForDeploymentPostprocessing = 0;
		};
/* End PBXResourcesBuildPhase section */

/* Begin PBXSourcesBuildPhase section */
		777485AA2011C46A0099F3FD /* Sources */ = {
			isa = PBXSourcesBuildPhase;
			buildActionMask = 2147483647;
			files = (
				777485B42011C46A0099F3FD /* ViewController.swift in Sources */,
				777485B22011C46A0099F3FD /* AppDelegate.swift in Sources */,
			);
			runOnlyForDeploymentPostprocessing = 0;
		};
		777485C32011C4A10099F3FD /* Sources */ = {
			isa = PBXSourcesBuildPhase;
			buildActionMask = 2147483647;
			files = (
				777485CA2011C4A10099F3FD /* KeyboardViewController.swift in Sources */,
			);
			runOnlyForDeploymentPostprocessing = 0;
		};
/* End PBXSourcesBuildPhase section */

/* Begin PBXTargetDependency section */
		777485CD2011C4A10099F3FD /* PBXTargetDependency */ = {
			isa = PBXTargetDependency;
			target = 777485C62011C4A10099F3FD /* mykeyboard */;
			targetProxy = 777485CC2011C4A10099F3FD /* PBXContainerItemProxy */;
		};
/* End PBXTargetDependency section */

/* Begin PBXVariantGroup section */
		777485B52011C46A0099F3FD /* Main.storyboard */ = {
			isa = PBXVariantGroup;
			children = (
				777485B62011C46A0099F3FD /* Base */,
			);
			name = Main.storyboard;
			sourceTree = "<group>";
		};
		777485BA2011C46A0099F3FD /* LaunchScreen.storyboard */ = {
			isa = PBXVariantGroup;
			children = (
				777485BB2011C46A0099F3FD /* Base */,
			);
			name = LaunchScreen.storyboard;
			sourceTree = "<group>";
		};
/* End PBXVariantGroup section */

/* Begin XCBuildConfiguration section */
		777485BE2011C46A0099F3FD /* Debug */ = {
			isa = XCBuildConfiguration;
			buildSettings = {
				ALWAYS_SEARCH_USER_PATHS = NO;
				CLANG_ANALYZER_NONNULL = YES;
				CLANG_ANALYZER_NUMBER_OBJECT_CONVERSION = YES_AGGRESSIVE;
				CLANG_CXX_LANGUAGE_STANDARD = "gnu++14";
				CLANG_CXX_LIBRARY = "libc++";
				CLANG_ENABLE_MODULES = YES;
				CLANG_ENABLE_OBJC_ARC = YES;
				CLANG_WARN_BLOCK_CAPTURE_AUTORELEASING = YES;
				CLANG_WARN_BOOL_CONVERSION = YES;
				CLANG_WARN_COMMA = YES;
				CLANG_WARN_CONSTANT_CONVERSION = YES;
				CLANG_WARN_DIRECT_OBJC_ISA_USAGE = YES_ERROR;
				CLANG_WARN_DOCUMENTATION_COMMENTS = YES;
				CLANG_WARN_EMPTY_BODY = YES;
				CLANG_WARN_ENUM_CONVERSION = YES;
				CLANG_WARN_INFINITE_RECURSION = YES;
				CLANG_WARN_INT_CONVERSION = YES;
				CLANG_WARN_NON_LITERAL_NULL_CONVERSION = YES;
				CLANG_WARN_OBJC_LITERAL_CONVERSION = YES;
				CLANG_WARN_OBJC_ROOT_CLASS = YES_ERROR;
				CLANG_WARN_RANGE_LOOP_ANALYSIS = YES;
				CLANG_WARN_STRICT_PROTOTYPES = YES;
				CLANG_WARN_SUSPICIOUS_MOVE = YES;
				CLANG_WARN_UNGUARDED_AVAILABILITY = YES_AGGRESSIVE;
				CLANG_WARN_UNREACHABLE_CODE = YES;
				CLANG_WARN__DUPLICATE_METHOD_MATCH = YES;
				CODE_SIGN_IDENTITY = "iPhone Developer";
				COPY_PHASE_STRIP = NO;
				DEBUG_INFORMATION_FORMAT = dwarf;
				ENABLE_STRICT_OBJC_MSGSEND = YES;
				ENABLE_TESTABILITY = YES;
				GCC_C_LANGUAGE_STANDARD = gnu11;
				GCC_DYNAMIC_NO_PIC = NO;
				GCC_NO_COMMON_BLOCKS = YES;
				GCC_OPTIMIZATION_LEVEL = 0;
				GCC_PREPROCESSOR_DEFINITIONS = (
					"DEBUG=1",
					"$(inherited)",
				);
				GCC_WARN_64_TO_32_BIT_CONVERSION = YES;
				GCC_WARN_ABOUT_RETURN_TYPE = YES_ERROR;
				GCC_WARN_UNDECLARED_SELECTOR = YES;
				GCC_WARN_UNINITIALIZED_AUTOS = YES_AGGRESSIVE;
				GCC_WARN_UNUSED_FUNCTION = YES;
				GCC_WARN_UNUSED_VARIABLE = YES;
				IPHONEOS_DEPLOYMENT_TARGET = 11.2;
				MTL_ENABLE_DEBUG_INFO = YES;
				ONLY_ACTIVE_ARCH = YES;
				SDKROOT = iphoneos;
				SWIFT_ACTIVE_COMPILATION_CONDITIONS = DEBUG;
				SWIFT_OPTIMIZATION_LEVEL = "-Onone";
			};
			name = Debug;
		};
		777485BF2011C46A0099F3FD /* Release */ = {
			isa = XCBuildConfiguration;
			buildSettings = {
				ALWAYS_SEARCH_USER_PATHS = NO;
				CLANG_ANALYZER_NONNULL = YES;
				CLANG_ANALYZER_NUMBER_OBJECT_CONVERSION = YES_AGGRESSIVE;
				CLANG_CXX_LANGUAGE_STANDARD = "gnu++14";
				CLANG_CXX_LIBRARY = "libc++";
				CLANG_ENABLE_MODULES = YES;
				CLANG_ENABLE_OBJC_ARC = YES;
				CLANG_WARN_BLOCK_CAPTURE_AUTORELEASING = YES;
				CLANG_WARN_BOOL_CONVERSION = YES;
				CLANG_WARN_COMMA = YES;
				CLANG_WARN_CONSTANT_CONVERSION = YES;
				CLANG_WARN_DIRECT_OBJC_ISA_USAGE = YES_ERROR;
				CLANG_WARN_DOCUMENTATION_COMMENTS = YES;
				CLANG_WARN_EMPTY_BODY = YES;
				CLANG_WARN_ENUM_CONVERSION = YES;
				CLANG_WARN_INFINITE_RECURSION = YES;
				CLANG_WARN_INT_CONVERSION = YES;
				CLANG_WARN_NON_LITERAL_NULL_CONVERSION = YES;
				CLANG_WARN_OBJC_LITERAL_CONVERSION = YES;
				CLANG_WARN_OBJC_ROOT_CLASS = YES_ERROR;
				CLANG_WARN_RANGE_LOOP_ANALYSIS = YES;
				CLANG_WARN_STRICT_PROTOTYPES = YES;
				CLANG_WARN_SUSPICIOUS_MOVE = YES;
				CLANG_WARN_UNGUARDED_AVAILABILITY = YES_AGGRESSIVE;
				CLANG_WARN_UNREACHABLE_CODE = YES;
				CLANG_WARN__DUPLICATE_METHOD_MATCH = YES;
				CODE_SIGN_IDENTITY = "iPhone Developer";
				COPY_PHASE_STRIP = NO;
				DEBUG_INFORMATION_FORMAT = "dwarf-with-dsym";
				ENABLE_NS_ASSERTIONS = NO;
				ENABLE_STRICT_OBJC_MSGSEND = YES;
				GCC_C_LANGUAGE_STANDARD = gnu11;
				GCC_NO_COMMON_BLOCKS = YES;
				GCC_WARN_64_TO_32_BIT_CONVERSION = YES;
				GCC_WARN_ABOUT_RETURN_TYPE = YES_ERROR;
				GCC_WARN_UNDECLARED_SELECTOR = YES;
				GCC_WARN_UNINITIALIZED_AUTOS = YES_AGGRESSIVE;
				GCC_WARN_UNUSED_FUNCTION = YES;
				GCC_WARN_UNUSED_VARIABLE = YES;
				IPHONEOS_DEPLOYMENT_TARGET = 11.2;
				MTL_ENABLE_DEBUG_INFO = NO;
				SDKROOT = iphoneos;
				SWIFT_OPTIMIZATION_LEVEL = "-Owholemodule";
				VALIDATE_PRODUCT = YES;
			};
			name = Release;
		};
		777485C12011C46A0099F3FD /* Debug */ = {
			isa = XCBuildConfiguration;
			buildSettings = {
				ALWAYS_EMBED_SWIFT_STANDARD_LIBRARIES = YES;
				ASSETCATALOG_COMPILER_APPICON_NAME = AppIcon;
				CODE_SIGN_STYLE = Automatic;
				DEVELOPMENT_TEAM = 2XQ9YN99NQ;
				INFOPLIST_FILE = ozellestirilmisKlavye/Info.plist;
				LD_RUNPATH_SEARCH_PATHS = "$(inherited) @executable_path/Frameworks";
				PRODUCT_BUNDLE_IDENTIFIER = com.fatihSumbul.ozellestirilmisKlavye;
				PRODUCT_NAME = "$(TARGET_NAME)";
				SWIFT_VERSION = 4.0;
				TARGETED_DEVICE_FAMILY = "1,2";
			};
			name = Debug;
		};
		777485C22011C46A0099F3FD /* Release */ = {
			isa = XCBuildConfiguration;
			buildSettings = {
				ALWAYS_EMBED_SWIFT_STANDARD_LIBRARIES = YES;
				ASSETCATALOG_COMPILER_APPICON_NAME = AppIcon;
				CODE_SIGN_STYLE = Automatic;
				DEVELOPMENT_TEAM = 2XQ9YN99NQ;
				INFOPLIST_FILE = ozellestirilmisKlavye/Info.plist;
				LD_RUNPATH_SEARCH_PATHS = "$(inherited) @executable_path/Frameworks";
				PRODUCT_BUNDLE_IDENTIFIER = com.fatihSumbul.ozellestirilmisKlavye;
				PRODUCT_NAME = "$(TARGET_NAME)";
				SWIFT_VERSION = 4.0;
				TARGETED_DEVICE_FAMILY = "1,2";
			};
			name = Release;
		};
		777485D02011C4A10099F3FD /* Debug */ = {
			isa = XCBuildConfiguration;
			buildSettings = {
				CODE_SIGN_STYLE = Automatic;
				DEVELOPMENT_TEAM = 2XQ9YN99NQ;
				INFOPLIST_FILE = mykeyboard/Info.plist;
				LD_RUNPATH_SEARCH_PATHS = "$(inherited) @executable_path/Frameworks @executable_path/../../Frameworks";
				PRODUCT_BUNDLE_IDENTIFIER = com.fatihSumbul.ozellestirilmisKlavye.mykeyboard;
				PRODUCT_NAME = "$(TARGET_NAME)";
				SKIP_INSTALL = YES;
				SWIFT_VERSION = 4.0;
				TARGETED_DEVICE_FAMILY = "1,2";
			};
			name = Debug;
		};
		777485D12011C4A10099F3FD /* Release */ = {
			isa = XCBuildConfiguration;
			buildSettings = {
				CODE_SIGN_STYLE = Automatic;
				DEVELOPMENT_TEAM = 2XQ9YN99NQ;
				INFOPLIST_FILE = mykeyboard/Info.plist;
				LD_RUNPATH_SEARCH_PATHS = "$(inherited) @executable_path/Frameworks @executable_path/../../Frameworks";
				PRODUCT_BUNDLE_IDENTIFIER = com.fatihSumbul.ozellestirilmisKlavye.mykeyboard;
				PRODUCT_NAME = "$(TARGET_NAME)";
				SKIP_INSTALL = YES;
				SWIFT_VERSION = 4.0;
				TARGETED_DEVICE_FAMILY = "1,2";
			};
			name = Release;
		};
/* End XCBuildConfiguration section */

/* Begin XCConfigurationList section */
		777485A92011C46A0099F3FD /* Build configuration list for PBXProject "ozellestirilmisKlavye" */ = {
			isa = XCConfigurationList;
			buildConfigurations = (
				777485BE2011C46A0099F3FD /* Debug */,
				777485BF2011C46A0099F3FD /* Release */,
			);
			defaultConfigurationIsVisible = 0;
			defaultConfigurationName = Release;
		};
		777485C02011C46A0099F3FD /* Build configuration list for PBXNativeTarget "ozellestirilmisKlavye" */ = {
			isa = XCConfigurationList;
			buildConfigurations = (
				777485C12011C46A0099F3FD /* Debug */,
				777485C22011C46A0099F3FD /* Release */,
			);
			defaultConfigurationIsVisible = 0;
			defaultConfigurationName = Release;
		};
		777485CF2011C4A10099F3FD /* Build configuration list for PBXNativeTarget "mykeyboard" */ = {
			isa = XCConfigurationList;
			buildConfigurations = (
				777485D02011C4A10099F3FD /* Debug */,
				777485D12011C4A10099F3FD /* Release */,
			);
			defaultConfigurationIsVisible = 0;
			defaultConfigurationName = Release;
		};
/* End XCConfigurationList section */
	};
	rootObject = 777485A62011C46A0099F3FD /* Project object */;
}
