// !$*UTF8*$!
{
	archiveVersion = 1;
	classes = {
	};
	objectVersion = 48;
	objects = {

/* Begin PBXBuildFile section */
		77111EA52010ED6B00154D3A /* AppDelegate.swift in Sources */ = {isa = PBXBuildFile; fileRef = 77111EA42010ED6B00154D3A /* AppDelegate.swift */; };
		77111EA72010ED6B00154D3A /* ViewController.swift in Sources */ = {isa = PBXBuildFile; fileRef = 77111EA62010ED6B00154D3A /* ViewController.swift */; };
		77111EAA2010ED6B00154D3A /* Main.storyboard in Resources */ = {isa = PBXBuildFile; fileRef = 77111EA82010ED6B00154D3A /* Main.storyboard */; };
		77111EAC2010ED6B00154D3A /* Assets.xcassets in Resources */ = {isa = PBXBuildFile; fileRef = 77111EAB2010ED6B00154D3A /* Assets.xcassets */; };
		77111EAF2010ED6B00154D3A /* LaunchScreen.storyboard in Resources */ = {isa = PBXBuildFile; fileRef = 77111EAD2010ED6B00154D3A /* LaunchScreen.storyboard */; };
/* End PBXBuildFile section */

/* Begin PBXFileReference section */
		77111EA12010ED6B00154D3A /* parmak izi sensörü.app */ = {isa = PBXFileReference; explicitFileType = wrapper.application; includeInIndex = 0; path = "parmak izi sensörü.app"; sourceTree = BUILT_PRODUCTS_DIR; };
		77111EA42010ED6B00154D3A /* AppDelegate.swift */ = {isa = PBXFileReference; lastKnownFileType = sourcecode.swift; path = AppDelegate.swift; sourceTree = "<group>"; };
		77111EA62010ED6B00154D3A /* ViewController.swift */ = {isa = PBXFileReference; lastKnownFileType = sourcecode.swift; path = ViewController.swift; sourceTree = "<group>"; };
		77111EA92010ED6B00154D3A /* Base */ = {isa = PBXFileReference; lastKnownFileType = file.storyboard; name = Base; path = Base.lproj/Main.storyboard; sourceTree = "<group>"; };
		77111EAB2010ED6B00154D3A /* Assets.xcassets */ = {isa = PBXFileReference; lastKnownFileType = folder.assetcatalog; path = Assets.xcassets; sourceTree = "<group>"; };
		77111EAE2010ED6B00154D3A /* Base */ = {isa = PBXFileReference; lastKnownFileType = file.storyboard; name = Base; path = Base.lproj/LaunchScreen.storyboard; sourceTree = "<group>"; };
		77111EB02010ED6B00154D3A /* Info.plist */ = {isa = PBXFileReference; lastKnownFileType = text.plist.xml; path = Info.plist; sourceTree = "<group>"; };
/* End PBXFileReference section */

/* Begin PBXFrameworksBuildPhase section */
		77111E9E2010ED6B00154D3A /* Frameworks */ = {
			isa = PBXFrameworksBuildPhase;
			buildActionMask = 2147483647;
			files = (
			);
			runOnlyForDeploymentPostprocessing = 0;
		};
/* End PBXFrameworksBuildPhase section */

/* Begin PBXGroup section */
		77111E982010ED6A00154D3A = {
			isa = PBXGroup;
			children = (
				77111EA32010ED6B00154D3A /* parmak izi sensörü */,
				77111EA22010ED6B00154D3A /* Products */,
			);
			sourceTree = "<group>";
		};
		77111EA22010ED6B00154D3A /* Products */ = {
			isa = PBXGroup;
			children = (
				77111EA12010ED6B00154D3A /* parmak izi sensörü.app */,
			);
			name = Products;
			sourceTree = "<group>";
		};
		77111EA32010ED6B00154D3A /* parmak izi sensörü */ = {
			isa = PBXGroup;
			children = (
				77111EA42010ED6B00154D3A /* AppDelegate.swift */,
				77111EA62010ED6B00154D3A /* ViewController.swift */,
				77111EA82010ED6B00154D3A /* Main.storyboard */,
				77111EAB2010ED6B00154D3A /* Assets.xcassets */,
				77111EAD2010ED6B00154D3A /* LaunchScreen.storyboard */,
				77111EB02010ED6B00154D3A /* Info.plist */,
			);
			path = "parmak izi sensörü";
			sourceTree = "<group>";
		};
/* End PBXGroup section */

/* Begin PBXNativeTarget section */
		77111EA02010ED6B00154D3A /* parmak izi sensörü */ = {
			isa = PBXNativeTarget;
			buildConfigurationList = 77111EB32010ED6B00154D3A /* Build configuration list for PBXNativeTarget "parmak izi sensörü" */;
			buildPhases = (
				77111E9D2010ED6B00154D3A /* Sources */,
				77111E9E2010ED6B00154D3A /* Frameworks */,
				77111E9F2010ED6B00154D3A /* Resources */,
			);
			buildRules = (
			);
			dependencies = (
			);
			name = "parmak izi sensörü";
			productName = "parmak izi sensörü";
			productReference = 77111EA12010ED6B00154D3A /* parmak izi sensörü.app */;
			productType = "com.apple.product-type.application";
		};
/* End PBXNativeTarget section */

/* Begin PBXProject section */
		77111E992010ED6A00154D3A /* Project object */ = {
			isa = PBXProject;
			attributes = {
				LastSwiftUpdateCheck = 0920;
				LastUpgradeCheck = 0920;
				ORGANIZATIONNAME = SUMBUL;
				TargetAttributes = {
					77111EA02010ED6B00154D3A = {
						CreatedOnToolsVersion = 9.2;
						ProvisioningStyle = Automatic;
					};
				};
			};
			buildConfigurationList = 77111E9C2010ED6A00154D3A /* Build configuration list for PBXProject "parmak izi sensörü" */;
			compatibilityVersion = "Xcode 8.0";
			developmentRegion = en;
			hasScannedForEncodings = 0;
			knownRegions = (
				en,
				Base,
			);
			mainGroup = 77111E982010ED6A00154D3A;
			productRefGroup = 77111EA22010ED6B00154D3A /* Products */;
			projectDirPath = "";
			projectRoot = "";
			targets = (
				77111EA02010ED6B00154D3A /* parmak izi sensörü */,
			);
		};
/* End PBXProject section */

/* Begin PBXResourcesBuildPhase section */
		77111E9F2010ED6B00154D3A /* Resources */ = {
			isa = PBXResourcesBuildPhase;
			buildActionMask = 2147483647;
			files = (
				77111EAF2010ED6B00154D3A /* LaunchScreen.storyboard in Resources */,
				77111EAC2010ED6B00154D3A /* Assets.xcassets in Resources */,
				77111EAA2010ED6B00154D3A /* Main.storyboard in Resources */,
			);
			runOnlyForDeploymentPostprocessing = 0;
		};
/* End PBXResourcesBuildPhase section */

/* Begin PBXSourcesBuildPhase section */
		77111E9D2010ED6B00154D3A /* Sources */ = {
			isa = PBXSourcesBuildPhase;
			buildActionMask = 2147483647;
			files = (
				77111EA72010ED6B00154D3A /* ViewController.swift in Sources */,
				77111EA52010ED6B00154D3A /* AppDelegate.swift in Sources */,
			);
			runOnlyForDeploymentPostprocessing = 0;
		};
/* End PBXSourcesBuildPhase section */

/* Begin PBXVariantGroup section */
		77111EA82010ED6B00154D3A /* Main.storyboard */ = {
			isa = PBXVariantGroup;
			children = (
				77111EA92010ED6B00154D3A /* Base */,
			);
			name = Main.storyboard;
			sourceTree = "<group>";
		};
		77111EAD2010ED6B00154D3A /* LaunchScreen.storyboard */ = {
			isa = PBXVariantGroup;
			children = (
				77111EAE2010ED6B00154D3A /* Base */,
			);
			name = LaunchScreen.storyboard;
			sourceTree = "<group>";
		};
/* End PBXVariantGroup section */

/* Begin XCBuildConfiguration section */
		77111EB12010ED6B00154D3A /* Debug */ = {
			isa = XCBuildConfiguration;
			buildSettings = {
				ALWAYS_SEARCH_USER_PATHS = NO;
				CLANG_ANALYZER_NONNULL = YES;
				CLANG_ANALYZER_NUMBER_OBJECT_CONVERSION = YES_AGGRESSIVE;
				CLANG_CXX_LANGUAGE_STANDARD = "gnu++14";
				CLANG_CXX_LIBRARY = "libc++";
				CLANG_ENABLE_MODULES = YES;
				CLANG_ENABLE_OBJC_ARC = YES;
				CLANG_WARN_BLOCK_CAPTURE_AUTORELEASING = YES;
				CLANG_WARN_BOOL_CONVERSION = YES;
				CLANG_WARN_COMMA = YES;
				CLANG_WARN_CONSTANT_CONVERSION = YES;
				CLANG_WARN_DIRECT_OBJC_ISA_USAGE = YES_ERROR;
				CLANG_WARN_DOCUMENTATION_COMMENTS = YES;
				CLANG_WARN_EMPTY_BODY = YES;
				CLANG_WARN_ENUM_CONVERSION = YES;
				CLANG_WARN_INFINITE_RECURSION = YES;
				CLANG_WARN_INT_CONVERSION = YES;
				CLANG_WARN_NON_LITERAL_NULL_CONVERSION = YES;
				CLANG_WARN_OBJC_LITERAL_CONVERSION = YES;
				CLANG_WARN_OBJC_ROOT_CLASS = YES_ERROR;
				CLANG_WARN_RANGE_LOOP_ANALYSIS = YES;
				CLANG_WARN_STRICT_PROTOTYPES = YES;
				CLANG_WARN_SUSPICIOUS_MOVE = YES;
				CLANG_WARN_UNGUARDED_AVAILABILITY = YES_AGGRESSIVE;
				CLANG_WARN_UNREACHABLE_CODE = YES;
				CLANG_WARN__DUPLICATE_METHOD_MATCH = YES;
				CODE_SIGN_IDENTITY = "iPhone Developer";
				COPY_PHASE_STRIP = NO;
				DEBUG_INFORMATION_FORMAT = dwarf;
				ENABLE_STRICT_OBJC_MSGSEND = YES;
				ENABLE_TESTABILITY = YES;
				GCC_C_LANGUAGE_STANDARD = gnu11;
				GCC_DYNAMIC_NO_PIC = NO;
				GCC_NO_COMMON_BLOCKS = YES;
				GCC_OPTIMIZATION_LEVEL = 0;
				GCC_PREPROCESSOR_DEFINITIONS = (
					"DEBUG=1",
					"$(inherited)",
				);
				GCC_WARN_64_TO_32_BIT_CONVERSION = YES;
				GCC_WARN_ABOUT_RETURN_TYPE = YES_ERROR;
				GCC_WARN_UNDECLARED_SELECTOR = YES;
				GCC_WARN_UNINITIALIZED_AUTOS = YES_AGGRESSIVE;
				GCC_WARN_UNUSED_FUNCTION = YES;
				GCC_WARN_UNUSED_VARIABLE = YES;
				IPHONEOS_DEPLOYMENT_TARGET = 11.2;
				MTL_ENABLE_DEBUG_INFO = YES;
				ONLY_ACTIVE_ARCH = YES;
				SDKROOT = iphoneos;
				SWIFT_ACTIVE_COMPILATION_CONDITIONS = DEBUG;
				SWIFT_OPTIMIZATION_LEVEL = "-Onone";
			};
			name = Debug;
		};
		77111EB22010ED6B00154D3A /* Release */ = {
			isa = XCBuildConfiguration;
			buildSettings = {
				ALWAYS_SEARCH_USER_PATHS = NO;
				CLANG_ANALYZER_NONNULL = YES;
				CLANG_ANALYZER_NUMBER_OBJECT_CONVERSION = YES_AGGRESSIVE;
				CLANG_CXX_LANGUAGE_STANDARD = "gnu++14";
				CLANG_CXX_LIBRARY = "libc++";
				CLANG_ENABLE_MODULES = YES;
				CLANG_ENABLE_OBJC_ARC = YES;
				CLANG_WARN_BLOCK_CAPTURE_AUTORELEASING = YES;
				CLANG_WARN_BOOL_CONVERSION = YES;
				CLANG_WARN_COMMA = YES;
				CLANG_WARN_CONSTANT_CONVERSION = YES;
				CLANG_WARN_DIRECT_OBJC_ISA_USAGE = YES_ERROR;
				CLANG_WARN_DOCUMENTATION_COMMENTS = YES;
				CLANG_WARN_EMPTY_BODY = YES;
				CLANG_WARN_ENUM_CONVERSION = YES;
				CLANG_WARN_INFINITE_RECURSION = YES;
				CLANG_WARN_INT_CONVERSION = YES;
				CLANG_WARN_NON_LITERAL_NULL_CONVERSION = YES;
				CLANG_WARN_OBJC_LITERAL_CONVERSION = YES;
				CLANG_WARN_OBJC_ROOT_CLASS = YES_ERROR;
				CLANG_WARN_RANGE_LOOP_ANALYSIS = YES;
				CLANG_WARN_STRICT_PROTOTYPES = YES;
				CLANG_WARN_SUSPICIOUS_MOVE = YES;
				CLANG_WARN_UNGUARDED_AVAILABILITY = YES_AGGRESSIVE;
				CLANG_WARN_UNREACHABLE_CODE = YES;
				CLANG_WARN__DUPLICATE_METHOD_MATCH = YES;
				CODE_SIGN_IDENTITY = "iPhone Developer";
				COPY_PHASE_STRIP = NO;
				DEBUG_INFORMATION_FORMAT = "dwarf-with-dsym";
				ENABLE_NS_ASSERTIONS = NO;
				ENABLE_STRICT_OBJC_MSGSEND = YES;
				GCC_C_LANGUAGE_STANDARD = gnu11;
				GCC_NO_COMMON_BLOCKS = YES;
				GCC_WARN_64_TO_32_BIT_CONVERSION = YES;
				GCC_WARN_ABOUT_RETURN_TYPE = YES_ERROR;
				GCC_WARN_UNDECLARED_SELECTOR = YES;
				GCC_WARN_UNINITIALIZED_AUTOS = YES_AGGRESSIVE;
				GCC_WARN_UNUSED_FUNCTION = YES;
				GCC_WARN_UNUSED_VARIABLE = YES;
				IPHONEOS_DEPLOYMENT_TARGET = 11.2;
				MTL_ENABLE_DEBUG_INFO = NO;
				SDKROOT = iphoneos;
				SWIFT_OPTIMIZATION_LEVEL = "-Owholemodule";
				VALIDATE_PRODUCT = YES;
			};
			name = Release;
		};
		77111EB42010ED6B00154D3A /* Debug */ = {
			isa = XCBuildConfiguration;
			buildSettings = {
				ASSETCATALOG_COMPILER_APPICON_NAME = AppIcon;
				CODE_SIGN_STYLE = Automatic;
				DEVELOPMENT_TEAM = 2XQ9YN99NQ;
				INFOPLIST_FILE = "parmak izi sensörü/Info.plist";
				LD_RUNPATH_SEARCH_PATHS = "$(inherited) @executable_path/Frameworks";
				PRODUCT_BUNDLE_IDENTIFIER = "com.fatihSumbul.parmak-izi-senso-ru-";
				PRODUCT_NAME = "$(TARGET_NAME)";
				SWIFT_VERSION = 4.0;
				TARGETED_DEVICE_FAMILY = "1,2";
			};
			name = Debug;
		};
		77111EB52010ED6B00154D3A /* Release */ = {
			isa = XCBuildConfiguration;
			buildSettings = {
				ASSETCATALOG_COMPILER_APPICON_NAME = AppIcon;
				CODE_SIGN_STYLE = Automatic;
				DEVELOPMENT_TEAM = 2XQ9YN99NQ;
				INFOPLIST_FILE = "parmak izi sensörü/Info.plist";
				LD_RUNPATH_SEARCH_PATHS = "$(inherited) @executable_path/Frameworks";
				PRODUCT_BUNDLE_IDENTIFIER = "com.fatihSumbul.parmak-izi-senso-ru-";
				PRODUCT_NAME = "$(TARGET_NAME)";
				SWIFT_VERSION = 4.0;
				TARGETED_DEVICE_FAMILY = "1,2";
			};
			name = Release;
		};
/* End XCBuildConfiguration section */

/* Begin XCConfigurationList section */
		77111E9C2010ED6A00154D3A /* Build configuration list for PBXProject "parmak izi sensörü" */ = {
			isa = XCConfigurationList;
			buildConfigurations = (
				77111EB12010ED6B00154D3A /* Debug */,
				77111EB22010ED6B00154D3A /* Release */,
			);
			defaultConfigurationIsVisible = 0;
			defaultConfigurationName = Release;
		};
		77111EB32010ED6B00154D3A /* Build configuration list for PBXNativeTarget "parmak izi sensörü" */ = {
			isa = XCConfigurationList;
			buildConfigurations = (
				77111EB42010ED6B00154D3A /* Debug */,
				77111EB52010ED6B00154D3A /* Release */,
			);
			defaultConfigurationIsVisible = 0;
			defaultConfigurationName = Release;
		};
/* End XCConfigurationList section */
	};
	rootObject = 77111E992010ED6A00154D3A /* Project object */;
}
